
Microsoft Visual Studio Solution File, Format Version 12.00
# Visual Studio Version 17
VisualStudioVersion = 17.3.32819.101
MinimumVisualStudioVersion = 10.0.40219.1
Project("{FAE04EC0-301F-11D3-BF4B-00C04F79EFBC}") = "HW6", "HW6\HW6.csproj", "{BBB65336-BB3D-4AEA-AE1D-35E124C9D7AE}"
EndProject
Global
	GlobalSection(SolutionConfigurationPlatforms) = preSolution
		Debug|Any CPU = Debug|Any CPU
		Release|Any CPU = Release|Any CPU
	EndGlobalSection
	GlobalSection(ProjectConfigurationPlatforms) = postSolution
		{BBB65336-BB3D-4AEA-AE1D-35E124C9D7AE}.Debug|Any CPU.ActiveCfg = Debug|Any CPU
		{BBB65336-BB3D-4AEA-AE1D-35E124C9D7AE}.Debug|Any CPU.Build.0 = Debug|Any CPU
		{BBB65336-BB3D-4AEA-AE1D-35E124C9D7AE}.Release|Any CPU.ActiveCfg = Release|Any CPU
		{BBB65336-BB3D-4AEA-AE1D-35E124C9D7AE}.Release|Any CPU.Build.0 = Release|Any CPU
	EndGlobalSection
	GlobalSection(SolutionProperties) = preSolution
		HideSolutionNode = FALSE
	EndGlobalSection
	GlobalSection(ExtensibilityGlobals) = postSolution
		SolutionGuid = {FBE54CFB-2D9B-423A-92E7-EC29704451EE}
	EndGlobalSection
EndGlobal
